Microsoft Visual Studio Solution File, Format Version 11.00
# Visual Studio 2008

Project("{78157A22-273B-7EAA-99C8-BC3B61395362}") = "BraveNewHacks", "Assembly-CSharp.csproj", "{D3706890-7616-6499-A563-52F238C97BEB}"
EndProject
Project("{78157A22-273B-7EAA-99C8-BC3B61395362}") = "BraveNewHacks", "Assembly-CSharp-Editor.csproj", "{1B185346-181B-67E8-E849-B6E565A20894}"
EndProject
Global
	GlobalSection(SolutionConfigurationPlatforms) = preSolution
		Debug|Any CPU = Debug|Any CPU
		Release|Any CPU = Release|Any CPU
	EndGlobalSection
	GlobalSection(ProjectConfigurationPlatforms) = postSolution
		{D3706890-7616-6499-A563-52F238C97BEB}.Debug|Any CPU.ActiveCfg = Debug|Any CPU
		{D3706890-7616-6499-A563-52F238C97BEB}.Debug|Any CPU.Build.0 = Debug|Any CPU
		{D3706890-7616-6499-A563-52F238C97BEB}.Release|Any CPU.ActiveCfg = Release|Any CPU
		{D3706890-7616-6499-A563-52F238C97BEB}.Release|Any CPU.Build.0 = Release|Any CPU
		{1B185346-181B-67E8-E849-B6E565A20894}.Debug|Any CPU.ActiveCfg = Debug|Any CPU
		{1B185346-181B-67E8-E849-B6E565A20894}.Debug|Any CPU.Build.0 = Debug|Any CPU
		{1B185346-181B-67E8-E849-B6E565A20894}.Release|Any CPU.ActiveCfg = Release|Any CPU
		{1B185346-181B-67E8-E849-B6E565A20894}.Release|Any CPU.Build.0 = Release|Any CPU
	EndGlobalSection
	GlobalSection(SolutionProperties) = preSolution
		HideSolutionNode = FALSE
	EndGlobalSection
	GlobalSection(MonoDevelopProperties) = preSolution
		StartupItem = Assembly-CSharp.csproj
	EndGlobalSection
EndGlobal
